// !$*UTF8*$!
{
	archiveVersion = 1;
	classes = {
	};
	objectVersion = 46;
	objects = {

/* Begin PBXBuildFile section */
		167DE82E1A83513B006EFE4E /* AppDelegate.swift in Sources */ = {isa = PBXBuildFile; fileRef = 167DE82D1A83513B006EFE4E /* AppDelegate.swift */; };
		167DE8301A83513B006EFE4E /* ViewController.swift in Sources */ = {isa = PBXBuildFile; fileRef = 167DE82F1A83513B006EFE4E /* ViewController.swift */; };
		167DE8331A83513B006EFE4E /* Main.storyboard in Resources */ = {isa = PBXBuildFile; fileRef = 167DE8311A83513B006EFE4E /* Main.storyboard */; };
		167DE8351A83513B006EFE4E /* Images.xcassets in Resources */ = {isa = PBXBuildFile; fileRef = 167DE8341A83513B006EFE4E /* Images.xcassets */; };
		167DE8381A83513B006EFE4E /* LaunchScreen.xib in Resources */ = {isa = PBXBuildFile; fileRef = 167DE8361A83513B006EFE4E /* LaunchScreen.xib */; };
		167DE8441A83513C006EFE4E /* PostcardTests.swift in Sources */ = {isa = PBXBuildFile; fileRef = 167DE8431A83513C006EFE4E /* PostcardTests.swift */; };
/* End PBXBuildFile section */

/* Begin PBXContainerItemProxy section */
		167DE83E1A83513B006EFE4E /* PBXContainerItemProxy */ = {
			isa = PBXContainerItemProxy;
			containerPortal = 167DE8201A83513B006EFE4E /* Project object */;
			proxyType = 1;
			remoteGlobalIDString = 167DE8271A83513B006EFE4E;
			remoteInfo = Postcard;
		};
/* End PBXContainerItemProxy section */

/* Begin PBXFileReference section */
		167DE8281A83513B006EFE4E /* Postcard.app */ = {isa = PBXFileReference; explicitFileType = wrapper.application; includeInIndex = 0; path = Postcard.app; sourceTree = BUILT_PRODUCTS_DIR; };
		167DE82C1A83513B006EFE4E /* Info.plist */ = {isa = PBXFileReference; lastKnownFileType = text.plist.xml; path = Info.plist; sourceTree = "<group>"; };
		167DE82D1A83513B006EFE4E /* AppDelegate.swift */ = {isa = PBXFileReference; lastKnownFileType = sourcecode.swift; path = AppDelegate.swift; sourceTree = "<group>"; };
		167DE82F1A83513B006EFE4E /* ViewController.swift */ = {isa = PBXFileReference; lastKnownFileType = sourcecode.swift; path = ViewController.swift; sourceTree = "<group>"; };
		167DE8321A83513B006EFE4E /* Base */ = {isa = PBXFileReference; lastKnownFileType = file.storyboard; name = Base; path = Base.lproj/Main.storyboard; sourceTree = "<group>"; };
		167DE8341A83513B006EFE4E /* Images.xcassets */ = {isa = PBXFileReference; lastKnownFileType = folder.assetcatalog; path = Images.xcassets; sourceTree = "<group>"; };
		167DE8371A83513B006EFE4E /* Base */ = {isa = PBXFileReference; lastKnownFileType = file.xib; name = Base; path = Base.lproj/LaunchScreen.xib; sourceTree = "<group>"; };
		167DE83D1A83513B006EFE4E /* PostcardTests.xctest */ = {isa = PBXFileReference; explicitFileType = wrapper.cfbundle; includeInIndex = 0; path = PostcardTests.xctest; sourceTree = BUILT_PRODUCTS_DIR; };
		167DE8421A83513C006EFE4E /* Info.plist */ = {isa = PBXFileReference; lastKnownFileType = text.plist.xml; path = Info.plist; sourceTree = "<group>"; };
		167DE8431A83513C006EFE4E /* PostcardTests.swift */ = {isa = PBXFileReference; lastKnownFileType = sourcecode.swift; path = PostcardTests.swift; sourceTree = "<group>"; };
/* End PBXFileReference section */

/* Begin PBXFrameworksBuildPhase section */
		167DE8251A83513B006EFE4E /* Frameworks */ = {
			isa = PBXFrameworksBuildPhase;
			buildActionMask = 2147483647;
			files = (
			);
			runOnlyForDeploymentPostprocessing = 0;
		};
		167DE83A1A83513B006EFE4E /* Frameworks */ = {
			isa = PBXFrameworksBuildPhase;
			buildActionMask = 2147483647;
			files = (
			);
			runOnlyForDeploymentPostprocessing = 0;
		};
/* End PBXFrameworksBuildPhase section */

/* Begin PBXGroup section */
		167DE81F1A83513B006EFE4E = {
			isa = PBXGroup;
			children = (
				167DE82A1A83513B006EFE4E /* Postcard */,
				167DE8401A83513C006EFE4E /* PostcardTests */,
				167DE8291A83513B006EFE4E /* Products */,
			);
			sourceTree = "<group>";
		};
		167DE8291A83513B006EFE4E /* Products */ = {
			isa = PBXGroup;
			children = (
				167DE8281A83513B006EFE4E /* Postcard.app */,
				167DE83D1A83513B006EFE4E /* PostcardTests.xctest */,
			);
			name = Products;
			sourceTree = "<group>";
		};
		167DE82A1A83513B006EFE4E /* Postcard */ = {
			isa = PBXGroup;
			children = (
				167DE82D1A83513B006EFE4E /* AppDelegate.swift */,
				167DE82F1A83513B006EFE4E /* ViewController.swift */,
				167DE8311A83513B006EFE4E /* Main.storyboard */,
				167DE8341A83513B006EFE4E /* Images.xcassets */,
				167DE8361A83513B006EFE4E /* LaunchScreen.xib */,
				167DE82B1A83513B006EFE4E /* Supporting Files */,
			);
			path = Postcard;
			sourceTree = "<group>";
		};
		167DE82B1A83513B006EFE4E /* Supporting Files */ = {
			isa = PBXGroup;
			children = (
				167DE82C1A83513B006EFE4E /* Info.plist */,
			);
			name = "Supporting Files";
			sourceTree = "<group>";
		};
		167DE8401A83513C006EFE4E /* PostcardTests */ = {
			isa = PBXGroup;
			children = (
				167DE8431A83513C006EFE4E /* PostcardTests.swift */,
				167DE8411A83513C006EFE4E /* Supporting Files */,
			);
			path = PostcardTests;
			sourceTree = "<group>";
		};
		167DE8411A83513C006EFE4E /* Supporting Files */ = {
			isa = PBXGroup;
			children = (
				167DE8421A83513C006EFE4E /* Info.plist */,
			);
			name = "Supporting Files";
			sourceTree = "<group>";
		};
/* End PBXGroup section */

/* Begin PBXNativeTarget section */
		167DE8271A83513B006EFE4E /* Postcard */ = {
			isa = PBXNativeTarget;
			buildConfigurationList = 167DE8471A83513C006EFE4E /* Build configuration list for PBXNativeTarget "Postcard" */;
			buildPhases = (
				167DE8241A83513B006EFE4E /* Sources */,
				167DE8251A83513B006EFE4E /* Frameworks */,
				167DE8261A83513B006EFE4E /* Resources */,
			);
			buildRules = (
			);
			dependencies = (
			);
			name = Postcard;
			productName = Postcard;
			productReference = 167DE8281A83513B006EFE4E /* Postcard.app */;
			productType = "com.apple.product-type.application";
		};
		167DE83C1A83513B006EFE4E /* PostcardTests */ = {
			isa = PBXNativeTarget;
			buildConfigurationList = 167DE84A1A83513C006EFE4E /* Build configuration list for PBXNativeTarget "PostcardTests" */;
			buildPhases = (
				167DE8391A83513B006EFE4E /* Sources */,
				167DE83A1A83513B006EFE4E /* Frameworks */,
				167DE83B1A83513B006EFE4E /* Resources */,
			);
			buildRules = (
			);
			dependencies = (
				167DE83F1A83513B006EFE4E /* PBXTargetDependency */,
			);
			name = PostcardTests;
			productName = PostcardTests;
			productReference = 167DE83D1A83513B006EFE4E /* PostcardTests.xctest */;
			productType = "com.apple.product-type.bundle.unit-test";
		};
/* End PBXNativeTarget section */

/* Begin PBXProject section */
		167DE8201A83513B006EFE4E /* Project object */ = {
			isa = PBXProject;
			attributes = {
				LastUpgradeCheck = 0610;
				ORGANIZATIONNAME = Mattbook;
				TargetAttributes = {
					167DE8271A83513B006EFE4E = {
						CreatedOnToolsVersion = 6.1.1;
					};
					167DE83C1A83513B006EFE4E = {
						CreatedOnToolsVersion = 6.1.1;
						TestTargetID = 167DE8271A83513B006EFE4E;
					};
				};
			};
			buildConfigurationList = 167DE8231A83513B006EFE4E /* Build configuration list for PBXProject "Postcard" */;
			compatibilityVersion = "Xcode 3.2";
			developmentRegion = English;
			hasScannedForEncodings = 0;
			knownRegions = (
				en,
				Base,
			);
			mainGroup = 167DE81F1A83513B006EFE4E;
			productRefGroup = 167DE8291A83513B006EFE4E /* Products */;
			projectDirPath = "";
			projectRoot = "";
			targets = (
				167DE8271A83513B006EFE4E /* Postcard */,
				167DE83C1A83513B006EFE4E /* PostcardTests */,
			);
		};
/* End PBXProject section */

/* Begin PBXResourcesBuildPhase section */
		167DE8261A83513B006EFE4E /* Resources */ = {
			isa = PBXResourcesBuildPhase;
			buildActionMask = 2147483647;
			files = (
				167DE8331A83513B006EFE4E /* Main.storyboard in Resources */,
				167DE8381A83513B006EFE4E /* LaunchScreen.xib in Resources */,
				167DE8351A83513B006EFE4E /* Images.xcassets in Resources */,
			);
			runOnlyForDeploymentPostprocessing = 0;
		};
		167DE83B1A83513B006EFE4E /* Resources */ = {
			isa = PBXResourcesBuildPhase;
			buildActionMask = 2147483647;
			files = (
			);
			runOnlyForDeploymentPostprocessing = 0;
		};
/* End PBXResourcesBuildPhase section */

/* Begin PBXSourcesBuildPhase section */
		167DE8241A83513B006EFE4E /* Sources */ = {
			isa = PBXSourcesBuildPhase;
			buildActionMask = 2147483647;
			files = (
				167DE8301A83513B006EFE4E /* ViewController.swift in Sources */,
				167DE82E1A83513B006EFE4E /* AppDelegate.swift in Sources */,
			);
			runOnlyForDeploymentPostprocessing = 0;
		};
		167DE8391A83513B006EFE4E /* Sources */ = {
			isa = PBXSourcesBuildPhase;
			buildActionMask = 2147483647;
			files = (
				167DE8441A83513C006EFE4E /* PostcardTests.swift in Sources */,
			);
			runOnlyForDeploymentPostprocessing = 0;
		};
/* End PBXSourcesBuildPhase section */

/* Begin PBXTargetDependency section */
		167DE83F1A83513B006EFE4E /* PBXTargetDependency */ = {
			isa = PBXTargetDependency;
			target = 167DE8271A83513B006EFE4E /* Postcard */;
			targetProxy = 167DE83E1A83513B006EFE4E /* PBXContainerItemProxy */;
		};
/* End PBXTargetDependency section */

/* Begin PBXVariantGroup section */
		167DE8311A83513B006EFE4E /* Main.storyboard */ = {
			isa = PBXVariantGroup;
			children = (
				167DE8321A83513B006EFE4E /* Base */,
			);
			name = Main.storyboard;
			sourceTree = "<group>";
		};
		167DE8361A83513B006EFE4E /* LaunchScreen.xib */ = {
			isa = PBXVariantGroup;
			children = (
				167DE8371A83513B006EFE4E /* Base */,
			);
			name = LaunchScreen.xib;
			sourceTree = "<group>";
		};
/* End PBXVariantGroup section */

/* Begin XCBuildConfiguration section */
		167DE8451A83513C006EFE4E /* Debug */ = {
			isa = XCBuildConfiguration;
			buildSettings = {
				ALWAYS_SEARCH_USER_PATHS = NO;
				CLANG_CXX_LANGUAGE_STANDARD = "gnu++0x";
				CLANG_CXX_LIBRARY = "libc++";
				CLANG_ENABLE_MODULES = YES;
				CLANG_ENABLE_OBJC_ARC = YES;
				CLANG_WARN_BOOL_CONVERSION = YES;
				CLANG_WARN_CONSTANT_CONVERSION = YES;
				CLANG_WARN_DIRECT_OBJC_ISA_USAGE = YES_ERROR;
				CLANG_WARN_EMPTY_BODY = YES;
				CLANG_WARN_ENUM_CONVERSION = YES;
				CLANG_WARN_INT_CONVERSION = YES;
				CLANG_WARN_OBJC_ROOT_CLASS = YES_ERROR;
				CLANG_WARN_UNREACHABLE_CODE = YES;
				CLANG_WARN__DUPLICATE_METHOD_MATCH = YES;
				"CODE_SIGN_IDENTITY[sdk=iphoneos*]" = "iPhone Developer";
				COPY_PHASE_STRIP = NO;
				ENABLE_STRICT_OBJC_MSGSEND = YES;
				GCC_C_LANGUAGE_STANDARD = gnu99;
				GCC_DYNAMIC_NO_PIC = NO;
				GCC_OPTIMIZATION_LEVEL = 0;
				GCC_PREPROCESSOR_DEFINITIONS = (
					"DEBUG=1",
					"$(inherited)",
				);
				GCC_SYMBOLS_PRIVATE_EXTERN = NO;
				GCC_WARN_64_TO_32_BIT_CONVERSION = YES;
				GCC_WARN_ABOUT_RETURN_TYPE = YES_ERROR;
				GCC_WARN_UNDECLARED_SELECTOR = YES;
				GCC_WARN_UNINITIALIZED_AUTOS = YES_AGGRESSIVE;
				GCC_WARN_UNUSED_FUNCTION = YES;
				GCC_WARN_UNUSED_VARIABLE = YES;
				IPHONEOS_DEPLOYMENT_TARGET = 8.1;
				MTL_ENABLE_DEBUG_INFO = YES;
				ONLY_ACTIVE_ARCH = YES;
				SDKROOT = iphoneos;
				SWIFT_OPTIMIZATION_LEVEL = "-Onone";
				TARGETED_DEVICE_FAMILY = "1,2";
			};
			name = Debug;
		};
		167DE8461A83513C006EFE4E /* Release */ = {
			isa = XCBuildConfiguration;
			buildSettings = {
				ALWAYS_SEARCH_USER_PATHS = NO;
				CLANG_CXX_LANGUAGE_STANDARD = "gnu++0x";
				CLANG_CXX_LIBRARY = "libc++";
				CLANG_ENABLE_MODULES = YES;
				CLANG_ENABLE_OBJC_ARC = YES;
				CLANG_WARN_BOOL_CONVERSION = YES;
				CLANG_WARN_CONSTANT_CONVERSION = YES;
				CLANG_WARN_DIRECT_OBJC_ISA_USAGE = YES_ERROR;
				CLANG_WARN_EMPTY_BODY = YES;
				CLANG_WARN_ENUM_CONVERSION = YES;
				CLANG_WARN_INT_CONVERSION = YES;
				CLANG_WARN_OBJC_ROOT_CLASS = YES_ERROR;
				CLANG_WARN_UNREACHABLE_CODE = YES;
				CLANG_WARN__DUPLICATE_METHOD_MATCH = YES;
				"CODE_SIGN_IDENTITY[sdk=iphoneos*]" = "iPhone Developer";
				COPY_PHASE_STRIP = YES;
				ENABLE_NS_ASSERTIONS = NO;
				ENABLE_STRICT_OBJC_MSGSEND = YES;
				GCC_C_LANGUAGE_STANDARD = gnu99;
				GCC_WARN_64_TO_32_BIT_CONVERSION = YES;
				GCC_WARN_ABOUT_RETURN_TYPE = YES_ERROR;
				GCC_WARN_UNDECLARED_SELECTOR = YES;
				GCC_WARN_UNINITIALIZED_AUTOS = YES_AGGRESSIVE;
				GCC_WARN_UNUSED_FUNCTION = YES;
				GCC_WARN_UNUSED_VARIABLE = YES;
				IPHONEOS_DEPLOYMENT_TARGET = 8.1;
				MTL_ENABLE_DEBUG_INFO = NO;
				SDKROOT = iphoneos;
				TARGETED_DEVICE_FAMILY = "1,2";
				VALIDATE_PRODUCT = YES;
			};
			name = Release;
		};
		167DE8481A83513C006EFE4E /* Debug */ = {
			isa = XCBuildConfiguration;
			buildSettings = {
				ASSETCATALOG_COMPILER_APPICON_NAME = AppIcon;
				INFOPLIST_FILE = Postcard/Info.plist;
				LD_RUNPATH_SEARCH_PATHS = "$(inherited) @executable_path/Frameworks";
				PRODUCT_NAME = "$(TARGET_NAME)";
			};
			name = Debug;
		};
		167DE8491A83513C006EFE4E /* Release */ = {
			isa = XCBuildConfiguration;
			buildSettings = {
				ASSETCATALOG_COMPILER_APPICON_NAME = AppIcon;
				INFOPLIST_FILE = Postcard/Info.plist;
				LD_RUNPATH_SEARCH_PATHS = "$(inherited) @executable_path/Frameworks";
				PRODUCT_NAME = "$(TARGET_NAME)";
			};
			name = Release;
		};
		167DE84B1A83513C006EFE4E /* Debug */ = {
			isa = XCBuildConfiguration;
			buildSettings = {
				BUNDLE_LOADER = "$(TEST_HOST)";
				FRAMEWORK_SEARCH_PATHS = (
					"$(SDKROOT)/Developer/Library/Frameworks",
					"$(inherited)",
				);
				GCC_PREPROCESSOR_DEFINITIONS = (
					"DEBUG=1",
					"$(inherited)",
				);
				INFOPLIST_FILE = PostcardTests/Info.plist;
				LD_RUNPATH_SEARCH_PATHS = "$(inherited) @executable_path/Frameworks @loader_path/Frameworks";
				PRODUCT_NAME = "$(TARGET_NAME)";
				TEST_HOST = "$(BUILT_PRODUCTS_DIR)/Postcard.app/Postcard";
			};
			name = Debug;
		};
		167DE84C1A83513C006EFE4E /* Release */ = {
			isa = XCBuildConfiguration;
			buildSettings = {
				BUNDLE_LOADER = "$(TEST_HOST)";
				FRAMEWORK_SEARCH_PATHS = (
					"$(SDKROOT)/Developer/Library/Frameworks",
					"$(inherited)",
				);
				INFOPLIST_FILE = PostcardTests/Info.plist;
				LD_RUNPATH_SEARCH_PATHS = "$(inherited) @executable_path/Frameworks @loader_path/Frameworks";
				PRODUCT_NAME = "$(TARGET_NAME)";
				TEST_HOST = "$(BUILT_PRODUCTS_DIR)/Postcard.app/Postcard";
			};
			name = Release;
		};
/* End XCBuildConfiguration section */

/* Begin XCConfigurationList section */
		167DE8231A83513B006EFE4E /* Build configuration list for PBXProject "Postcard" */ = {
			isa = XCConfigurationList;
			buildConfigurations = (
				167DE8451A83513C006EFE4E /* Debug */,
				167DE8461A83513C006EFE4E /* Release */,
			);
			defaultConfigurationIsVisible = 0;
			defaultConfigurationName = Release;
		};
		167DE8471A83513C006EFE4E /* Build configuration list for PBXNativeTarget "Postcard" */ = {
			isa = XCConfigurationList;
			buildConfigurations = (
				167DE8481A83513C006EFE4E /* Debug */,
				167DE8491A83513C006EFE4E /* Release */,
			);
			defaultConfigurationIsVisible = 0;
		};
		167DE84A1A83513C006EFE4E /* Build configuration list for PBXNativeTarget "PostcardTests" */ = {
			isa = XCConfigurationList;
			buildConfigurations = (
				167DE84B1A83513C006EFE4E /* Debug */,
				167DE84C1A83513C006EFE4E /* Release */,
			);
			defaultConfigurationIsVisible = 0;
		};
/* End XCConfigurationList section */
	};
	rootObject = 167DE8201A83513B006EFE4E /* Project object */;
}
